
Microsoft Visual Studio Solution File, Format Version 12.00
# Visual Studio Version 17
VisualStudioVersion = 17.13.35806.99
MinimumVisualStudioVersion = 10.0.40219.1
Project("{FAE04EC0-301F-11D3-BF4B-00C04F79EFBC}") = "MinimalHtml", "src\MinimalHtml\MinimalHtml.csproj", "{AB9CE0B4-921E-56F6-BC00-73D3A2BB2D90}"
EndProject
Project("{FAE04EC0-301F-11D3-BF4B-00C04F79EFBC}") = "MinimalForms", "src\MinimalForms\MinimalForms.csproj", "{57516551-1CE2-31F6-A0A9-F26CC6765588}"
EndProject
Project("{FAE04EC0-301F-11D3-BF4B-00C04F79EFBC}") = "MinimalHtml.AspNetCore", "src\MinimalHtml.AspNetCore\MinimalHtml.AspNetCore.csproj", "{5DD3CC29-4802-E68E-DB0C-3538C92E6766}"
EndProject
Project("{FAE04EC0-301F-11D3-BF4B-00C04F79EFBC}") = "MinimalHtml.SourceGenerator", "src\MinimalHtml.SourceGenerator\MinimalHtml.SourceGenerator.csproj", "{FB0D85B5-83F7-988C-E5EB-861233AF1058}"
EndProject
Project("{FAE04EC0-301F-11D3-BF4B-00C04F79EFBC}") = "MinimalForms.ModelGenerator", "src\MinimalForms.ModelGenerator\MinimalForms.ModelGenerator.csproj", "{E2F8483D-42CF-3716-F6CA-74CD86AB20C1}"
EndProject
Project("{FAE04EC0-301F-11D3-BF4B-00C04F79EFBC}") = "MinimalForms.Test", "test\MinimalForms.Test\MinimalForms.Test.csproj", "{D3142370-E3C9-C1E5-C7DF-EFA48F2AC751}"
EndProject
Project("{FAE04EC0-301F-11D3-BF4B-00C04F79EFBC}") = "MinimalHtml.Sample", "samples\MinimalHtml.Sample\MinimalHtml.Sample.csproj", "{71CA9903-27E7-2E3D-EAE5-A097089D12EC}"
EndProject
Project("{FAE04EC0-301F-11D3-BF4B-00C04F79EFBC}") = "MinimalHtml.Vite", "src\MinimalHtml.Vite\MinimalHtml.Vite.csproj", "{A05CBB40-54BC-4AB7-A62A-08785E162EB8}"
EndProject
Project("{2150E333-8FDC-42A3-9474-1A3956D46DE8}") = "test", "test", "{02EA681E-C7D8-13C7-8484-4AC65E1B71E8}"
EndProject
Project("{2150E333-8FDC-42A3-9474-1A3956D46DE8}") = "sample", "sample", "{70D09F92-2887-4DA0-972D-7EB870C94D8E}"
EndProject
Project("{2150E333-8FDC-42A3-9474-1A3956D46DE8}") = "forms", "forms", "{2BE17DD4-0A69-45F9-97B6-1831E73D41FE}"
EndProject
Project("{FAE04EC0-301F-11D3-BF4B-00C04F79EFBC}") = "MinimalHtml.CssModules", "src\MinimalHtml.CssModules\MinimalHtml.CssModules.csproj", "{5BABBE76-8169-08CD-8367-78D0E11A1F5C}"
EndProject
Project("{FAE04EC0-301F-11D3-BF4B-00C04F79EFBC}") = "MinimalHtml.Test", "test\MinimalHtml.Test\MinimalHtml.Test.csproj", "{257C3B5C-948D-337C-7E23-0DBFC3505E63}"
EndProject
Project("{FAE04EC0-301F-11D3-BF4B-00C04F79EFBC}") = "MinimalHtml.Benchmarks", "benchmark\MinimalHtml.Benchmarks.csproj", "{B1234567-89AB-CDEF-1234-567890ABCDEF}"
EndProject
Project("{2150E333-8FDC-42A3-9474-1A3956D46DE8}") = "experimental", "experimental", "{924E0ED2-E191-4918-84CC-50E743771753}"
EndProject
Project("{2150E333-8FDC-42A3-9474-1A3956D46DE8}") = "Solution Files", "Solution Files", "{31427088-A3DF-44B3-AB0C-83606824E5F1}"
	ProjectSection(SolutionItems) = preProject
		.editorconfig = .editorconfig
	EndProjectSection
EndProject
Global
	GlobalSection(SolutionConfigurationPlatforms) = preSolution
		Debug|Any CPU = Debug|Any CPU
		Release|Any CPU = Release|Any CPU
	EndGlobalSection
	GlobalSection(ProjectConfigurationPlatforms) = postSolution
		{AB9CE0B4-921E-56F6-BC00-73D3A2BB2D90}.Debug|Any CPU.ActiveCfg = Debug|Any CPU
		{AB9CE0B4-921E-56F6-BC00-73D3A2BB2D90}.Debug|Any CPU.Build.0 = Debug|Any CPU
		{AB9CE0B4-921E-56F6-BC00-73D3A2BB2D90}.Release|Any CPU.ActiveCfg = Release|Any CPU
		{AB9CE0B4-921E-56F6-BC00-73D3A2BB2D90}.Release|Any CPU.Build.0 = Release|Any CPU
		{57516551-1CE2-31F6-A0A9-F26CC6765588}.Debug|Any CPU.ActiveCfg = Debug|Any CPU
		{57516551-1CE2-31F6-A0A9-F26CC6765588}.Debug|Any CPU.Build.0 = Debug|Any CPU
		{57516551-1CE2-31F6-A0A9-F26CC6765588}.Release|Any CPU.ActiveCfg = Release|Any CPU
		{57516551-1CE2-31F6-A0A9-F26CC6765588}.Release|Any CPU.Build.0 = Release|Any CPU
		{5DD3CC29-4802-E68E-DB0C-3538C92E6766}.Debug|Any CPU.ActiveCfg = Debug|Any CPU
		{5DD3CC29-4802-E68E-DB0C-3538C92E6766}.Debug|Any CPU.Build.0 = Debug|Any CPU
		{5DD3CC29-4802-E68E-DB0C-3538C92E6766}.Release|Any CPU.ActiveCfg = Release|Any CPU
		{5DD3CC29-4802-E68E-DB0C-3538C92E6766}.Release|Any CPU.Build.0 = Release|Any CPU
		{FB0D85B5-83F7-988C-E5EB-861233AF1058}.Debug|Any CPU.ActiveCfg = Debug|Any CPU
		{FB0D85B5-83F7-988C-E5EB-861233AF1058}.Debug|Any CPU.Build.0 = Debug|Any CPU
		{FB0D85B5-83F7-988C-E5EB-861233AF1058}.Release|Any CPU.ActiveCfg = Release|Any CPU
		{FB0D85B5-83F7-988C-E5EB-861233AF1058}.Release|Any CPU.Build.0 = Release|Any CPU
		{E2F8483D-42CF-3716-F6CA-74CD86AB20C1}.Debug|Any CPU.ActiveCfg = Debug|Any CPU
		{E2F8483D-42CF-3716-F6CA-74CD86AB20C1}.Debug|Any CPU.Build.0 = Debug|Any CPU
		{E2F8483D-42CF-3716-F6CA-74CD86AB20C1}.Release|Any CPU.ActiveCfg = Release|Any CPU
		{E2F8483D-42CF-3716-F6CA-74CD86AB20C1}.Release|Any CPU.Build.0 = Release|Any CPU
		{D3142370-E3C9-C1E5-C7DF-EFA48F2AC751}.Debug|Any CPU.ActiveCfg = Debug|Any CPU
		{D3142370-E3C9-C1E5-C7DF-EFA48F2AC751}.Debug|Any CPU.Build.0 = Debug|Any CPU
		{D3142370-E3C9-C1E5-C7DF-EFA48F2AC751}.Release|Any CPU.ActiveCfg = Release|Any CPU
		{D3142370-E3C9-C1E5-C7DF-EFA48F2AC751}.Release|Any CPU.Build.0 = Release|Any CPU
		{71CA9903-27E7-2E3D-EAE5-A097089D12EC}.Debug|Any CPU.ActiveCfg = Debug|Any CPU
		{71CA9903-27E7-2E3D-EAE5-A097089D12EC}.Debug|Any CPU.Build.0 = Debug|Any CPU
		{71CA9903-27E7-2E3D-EAE5-A097089D12EC}.Release|Any CPU.ActiveCfg = Release|Any CPU
		{71CA9903-27E7-2E3D-EAE5-A097089D12EC}.Release|Any CPU.Build.0 = Release|Any CPU
		{A05CBB40-54BC-4AB7-A62A-08785E162EB8}.Debug|Any CPU.ActiveCfg = Debug|Any CPU
		{A05CBB40-54BC-4AB7-A62A-08785E162EB8}.Debug|Any CPU.Build.0 = Debug|Any CPU
		{A05CBB40-54BC-4AB7-A62A-08785E162EB8}.Release|Any CPU.ActiveCfg = Release|Any CPU
		{A05CBB40-54BC-4AB7-A62A-08785E162EB8}.Release|Any CPU.Build.0 = Release|Any CPU
		{5BABBE76-8169-08CD-8367-78D0E11A1F5C}.Debug|Any CPU.ActiveCfg = Debug|Any CPU
		{5BABBE76-8169-08CD-8367-78D0E11A1F5C}.Debug|Any CPU.Build.0 = Debug|Any CPU
		{5BABBE76-8169-08CD-8367-78D0E11A1F5C}.Release|Any CPU.ActiveCfg = Release|Any CPU
		{5BABBE76-8169-08CD-8367-78D0E11A1F5C}.Release|Any CPU.Build.0 = Release|Any CPU
		{257C3B5C-948D-337C-7E23-0DBFC3505E63}.Debug|Any CPU.ActiveCfg = Debug|Any CPU
		{257C3B5C-948D-337C-7E23-0DBFC3505E63}.Debug|Any CPU.Build.0 = Debug|Any CPU
		{257C3B5C-948D-337C-7E23-0DBFC3505E63}.Release|Any CPU.ActiveCfg = Release|Any CPU
		{257C3B5C-948D-337C-7E23-0DBFC3505E63}.Release|Any CPU.Build.0 = Release|Any CPU
		{B1234567-89AB-CDEF-1234-567890ABCDEF}.Debug|Any CPU.ActiveCfg = Debug|Any CPU
		{B1234567-89AB-CDEF-1234-567890ABCDEF}.Debug|Any CPU.Build.0 = Debug|Any CPU
		{B1234567-89AB-CDEF-1234-567890ABCDEF}.Release|Any CPU.ActiveCfg = Release|Any CPU
		{B1234567-89AB-CDEF-1234-567890ABCDEF}.Release|Any CPU.Build.0 = Release|Any CPU
	EndGlobalSection
	GlobalSection(SolutionProperties) = preSolution
		HideSolutionNode = FALSE
	EndGlobalSection
	GlobalSection(NestedProjects) = preSolution
		{57516551-1CE2-31F6-A0A9-F26CC6765588} = {2BE17DD4-0A69-45F9-97B6-1831E73D41FE}
		{E2F8483D-42CF-3716-F6CA-74CD86AB20C1} = {2BE17DD4-0A69-45F9-97B6-1831E73D41FE}
		{D3142370-E3C9-C1E5-C7DF-EFA48F2AC751} = {02EA681E-C7D8-13C7-8484-4AC65E1B71E8}
		{71CA9903-27E7-2E3D-EAE5-A097089D12EC} = {70D09F92-2887-4DA0-972D-7EB870C94D8E}
		{257C3B5C-948D-337C-7E23-0DBFC3505E63} = {02EA681E-C7D8-13C7-8484-4AC65E1B71E8}
		{B1234567-89AB-CDEF-1234-567890ABCDEF} = {02EA681E-C7D8-13C7-8484-4AC65E1B71E8}
		{2BE17DD4-0A69-45F9-97B6-1831E73D41FE} = {924E0ED2-E191-4918-84CC-50E743771753}
		{5BABBE76-8169-08CD-8367-78D0E11A1F5C} = {924E0ED2-E191-4918-84CC-50E743771753}
		{A05CBB40-54BC-4AB7-A62A-08785E162EB8} = {924E0ED2-E191-4918-84CC-50E743771753}
	EndGlobalSection
	GlobalSection(ExtensibilityGlobals) = postSolution
		SolutionGuid = {32DC0DDA-35A0-47F6-B653-F1E3F48FAFA7}
	EndGlobalSection
EndGlobal
