
Microsoft Visual Studio Solution File, Format Version 12.00
# Visual Studio Version 17
VisualStudioVersion = 17.5.002.0
MinimumVisualStudioVersion = 10.0.40219.1
Project("{9A19103F-16F7-4668-BE54-9A1E7A4F7556}") = "MinimalHtml.Sample", "MinimalHtml.Sample.csproj", "{BF49A5A4-1E6C-4755-9FFE-4981797D1FB8}"
EndProject
Global
	GlobalSection(SolutionConfigurationPlatforms) = preSolution
		Debug|Any CPU = Debug|Any CPU
		Release|Any CPU = Release|Any CPU
	EndGlobalSection
	GlobalSection(ProjectConfigurationPlatforms) = postSolution
		{BF49A5A4-1E6C-4755-9FFE-4981797D1FB8}.Debug|Any CPU.ActiveCfg = Debug|Any CPU
		{BF49A5A4-1E6C-4755-9FFE-4981797D1FB8}.Debug|Any CPU.Build.0 = Debug|Any CPU
		{BF49A5A4-1E6C-4755-9FFE-4981797D1FB8}.Release|Any CPU.ActiveCfg = Release|Any CPU
		{BF49A5A4-1E6C-4755-9FFE-4981797D1FB8}.Release|Any CPU.Build.0 = Release|Any CPU
	EndGlobalSection
	GlobalSection(SolutionProperties) = preSolution
		HideSolutionNode = FALSE
	EndGlobalSection
	GlobalSection(ExtensibilityGlobals) = postSolution
		SolutionGuid = {74EC0820-F652-49BE-BA2F-353BF0D4C5BE}
	EndGlobalSection
EndGlobal
